
Microsoft Visual Studio Solution File, Format Version 12.00
# Visual Studio 2013
VisualStudioVersion = 12.0.21005.1
MinimumVisualStudioVersion = 10.0.40219.1
Project("{FAE04EC0-301F-11D3-BF4B-00C04F79EFBC}") = "Training.Web", "Training.Web\Training.Web.csproj", "{5E8568E3-B83F-4B54-8D70-FB2C8C2871BF}"
EndProject
Project("{FAE04EC0-301F-11D3-BF4B-00C04F79EFBC}") = "Training.Data", "Training.Data\Training.Data.csproj", "{3AAF7E1D-7D50-497B-B58E-D7E11A40E9FF}"
EndProject
Project("{FAE04EC0-301F-11D3-BF4B-00C04F79EFBC}") = "Training.Service", "Training.Service\Training.Service.csproj", "{C3F7679C-6D65-461C-B234-4ED233AF2D84}"
EndProject
Project("{FAE04EC0-301F-11D3-BF4B-00C04F79EFBC}") = "Training.Domain", "Training.Domain\Training.Domain.csproj", "{281F8B44-8CBD-424F-A6B9-0FC201D73B7D}"
EndProject
Project("{00D1A9C2-B5F0-4AF3-8072-F6C62B433612}") = "Training.CMS.Sql", "Training.CMS.Sql\Training.CMS.Sql.sqlproj", "{D3D3B911-DDD1-4540-A010-A555AB1CAA9F}"
EndProject
Project("{FAE04EC0-301F-11D3-BF4B-00C04F79EFBC}") = "Training.Test", "Training.Test\Training.Test.csproj", "{FAF2A7DF-5AA1-4516-AF53-99E876139FE1}"
EndProject
Global
	GlobalSection(SolutionConfigurationPlatforms) = preSolution
		Debug|Any CPU = Debug|Any CPU
		Release|Any CPU = Release|Any CPU
	EndGlobalSection
	GlobalSection(ProjectConfigurationPlatforms) = postSolution
		{5E8568E3-B83F-4B54-8D70-FB2C8C2871BF}.Debug|Any CPU.ActiveCfg = Debug|Any CPU
		{5E8568E3-B83F-4B54-8D70-FB2C8C2871BF}.Debug|Any CPU.Build.0 = Debug|Any CPU
		{5E8568E3-B83F-4B54-8D70-FB2C8C2871BF}.Release|Any CPU.ActiveCfg = Release|Any CPU
		{5E8568E3-B83F-4B54-8D70-FB2C8C2871BF}.Release|Any CPU.Build.0 = Release|Any CPU
		{3AAF7E1D-7D50-497B-B58E-D7E11A40E9FF}.Debug|Any CPU.ActiveCfg = Debug|Any CPU
		{3AAF7E1D-7D50-497B-B58E-D7E11A40E9FF}.Debug|Any CPU.Build.0 = Debug|Any CPU
		{3AAF7E1D-7D50-497B-B58E-D7E11A40E9FF}.Release|Any CPU.ActiveCfg = Release|Any CPU
		{3AAF7E1D-7D50-497B-B58E-D7E11A40E9FF}.Release|Any CPU.Build.0 = Release|Any CPU
		{C3F7679C-6D65-461C-B234-4ED233AF2D84}.Debug|Any CPU.ActiveCfg = Debug|Any CPU
		{C3F7679C-6D65-461C-B234-4ED233AF2D84}.Debug|Any CPU.Build.0 = Debug|Any CPU
		{C3F7679C-6D65-461C-B234-4ED233AF2D84}.Release|Any CPU.ActiveCfg = Release|Any CPU
		{C3F7679C-6D65-461C-B234-4ED233AF2D84}.Release|Any CPU.Build.0 = Release|Any CPU
		{281F8B44-8CBD-424F-A6B9-0FC201D73B7D}.Debug|Any CPU.ActiveCfg = Debug|Any CPU
		{281F8B44-8CBD-424F-A6B9-0FC201D73B7D}.Debug|Any CPU.Build.0 = Debug|Any CPU
		{281F8B44-8CBD-424F-A6B9-0FC201D73B7D}.Release|Any CPU.ActiveCfg = Release|Any CPU
		{281F8B44-8CBD-424F-A6B9-0FC201D73B7D}.Release|Any CPU.Build.0 = Release|Any CPU
		{D3D3B911-DDD1-4540-A010-A555AB1CAA9F}.Debug|Any CPU.ActiveCfg = Debug|Any CPU
		{D3D3B911-DDD1-4540-A010-A555AB1CAA9F}.Debug|Any CPU.Build.0 = Debug|Any CPU
		{D3D3B911-DDD1-4540-A010-A555AB1CAA9F}.Debug|Any CPU.Deploy.0 = Debug|Any CPU
		{D3D3B911-DDD1-4540-A010-A555AB1CAA9F}.Release|Any CPU.ActiveCfg = Release|Any CPU
		{D3D3B911-DDD1-4540-A010-A555AB1CAA9F}.Release|Any CPU.Build.0 = Release|Any CPU
		{D3D3B911-DDD1-4540-A010-A555AB1CAA9F}.Release|Any CPU.Deploy.0 = Release|Any CPU
		{FAF2A7DF-5AA1-4516-AF53-99E876139FE1}.Debug|Any CPU.ActiveCfg = Debug|Any CPU
		{FAF2A7DF-5AA1-4516-AF53-99E876139FE1}.Debug|Any CPU.Build.0 = Debug|Any CPU
		{FAF2A7DF-5AA1-4516-AF53-99E876139FE1}.Release|Any CPU.ActiveCfg = Release|Any CPU
		{FAF2A7DF-5AA1-4516-AF53-99E876139FE1}.Release|Any CPU.Build.0 = Release|Any CPU
	EndGlobalSection
	GlobalSection(SolutionProperties) = preSolution
		HideSolutionNode = FALSE
	EndGlobalSection
EndGlobal
